
Microsoft Visual Studio Solution File, Format Version 12.00
# Visual Studio Version 17
VisualStudioVersion = 17.0.31903.59
MinimumVisualStudioVersion = 10.0.40219.1
Project("{FAE04EC0-301F-11D3-BF4B-00C04F79EFBC}") = "ForecastsCollector", "ForecastsCollector\ForecastsCollector.csproj", "{04C03D77-2F6A-49F7-BEEC-2557D1F1A4B2}"
EndProject
Project("{FAE04EC0-301F-11D3-BF4B-00C04F79EFBC}") = "ForecastsServiceApp", "ForecastsServiceApp\ForecastsServiceApp.csproj", "{660C581B-4FBB-4788-9659-E7AA765425DD}"
EndProject
Project("{FAE04EC0-301F-11D3-BF4B-00C04F79EFBC}") = "ForecastsRabbitMQDispatcher", "ForecastsRabbitMQDispatcher\ForecastsRabbitMQDispatcher.csproj", "{3ABBDEDF-6CE3-4F8F-927A-10B22EFF72B9}"
EndProject
Project("{FAE04EC0-301F-11D3-BF4B-00C04F79EFBC}") = "ForecastsConsumerTest", "ForecastsConsumerTest\ForecastsConsumerTest.csproj", "{81314B86-26F0-4547-892E-D8B7817450A6}"
EndProject
Project("{FAE04EC0-301F-11D3-BF4B-00C04F79EFBC}") = "ForecastsWebApp", "ForecastsWebApp\ForecastsWebApp.csproj", "{5EE3EC5B-350A-48C3-9916-5AD8921C340E}"
EndProject
Project("{FAE04EC0-301F-11D3-BF4B-00C04F79EFBC}") = "ForecastsCommon", "ForecastsCommon\ForecastsCommon.csproj", "{FFF6A066-7B74-4817-BEDE-1A60EE94C8C0}"
EndProject
Global
	GlobalSection(SolutionConfigurationPlatforms) = preSolution
		Debug|Any CPU = Debug|Any CPU
		Release|Any CPU = Release|Any CPU
	EndGlobalSection
	GlobalSection(SolutionProperties) = preSolution
		HideSolutionNode = FALSE
	EndGlobalSection
	GlobalSection(ProjectConfigurationPlatforms) = postSolution
		{04C03D77-2F6A-49F7-BEEC-2557D1F1A4B2}.Debug|Any CPU.ActiveCfg = Debug|Any CPU
		{04C03D77-2F6A-49F7-BEEC-2557D1F1A4B2}.Debug|Any CPU.Build.0 = Debug|Any CPU
		{04C03D77-2F6A-49F7-BEEC-2557D1F1A4B2}.Release|Any CPU.ActiveCfg = Release|Any CPU
		{04C03D77-2F6A-49F7-BEEC-2557D1F1A4B2}.Release|Any CPU.Build.0 = Release|Any CPU
		{660C581B-4FBB-4788-9659-E7AA765425DD}.Debug|Any CPU.ActiveCfg = Debug|Any CPU
		{660C581B-4FBB-4788-9659-E7AA765425DD}.Debug|Any CPU.Build.0 = Debug|Any CPU
		{660C581B-4FBB-4788-9659-E7AA765425DD}.Release|Any CPU.ActiveCfg = Release|Any CPU
		{660C581B-4FBB-4788-9659-E7AA765425DD}.Release|Any CPU.Build.0 = Release|Any CPU
		{3ABBDEDF-6CE3-4F8F-927A-10B22EFF72B9}.Debug|Any CPU.ActiveCfg = Debug|Any CPU
		{3ABBDEDF-6CE3-4F8F-927A-10B22EFF72B9}.Debug|Any CPU.Build.0 = Debug|Any CPU
		{3ABBDEDF-6CE3-4F8F-927A-10B22EFF72B9}.Release|Any CPU.ActiveCfg = Release|Any CPU
		{3ABBDEDF-6CE3-4F8F-927A-10B22EFF72B9}.Release|Any CPU.Build.0 = Release|Any CPU
		{81314B86-26F0-4547-892E-D8B7817450A6}.Debug|Any CPU.ActiveCfg = Debug|Any CPU
		{81314B86-26F0-4547-892E-D8B7817450A6}.Debug|Any CPU.Build.0 = Debug|Any CPU
		{81314B86-26F0-4547-892E-D8B7817450A6}.Release|Any CPU.ActiveCfg = Release|Any CPU
		{81314B86-26F0-4547-892E-D8B7817450A6}.Release|Any CPU.Build.0 = Release|Any CPU
		{5EE3EC5B-350A-48C3-9916-5AD8921C340E}.Debug|Any CPU.ActiveCfg = Debug|Any CPU
		{5EE3EC5B-350A-48C3-9916-5AD8921C340E}.Debug|Any CPU.Build.0 = Debug|Any CPU
		{5EE3EC5B-350A-48C3-9916-5AD8921C340E}.Release|Any CPU.ActiveCfg = Release|Any CPU
		{5EE3EC5B-350A-48C3-9916-5AD8921C340E}.Release|Any CPU.Build.0 = Release|Any CPU
		{FFF6A066-7B74-4817-BEDE-1A60EE94C8C0}.Debug|Any CPU.ActiveCfg = Debug|Any CPU
		{FFF6A066-7B74-4817-BEDE-1A60EE94C8C0}.Debug|Any CPU.Build.0 = Debug|Any CPU
		{FFF6A066-7B74-4817-BEDE-1A60EE94C8C0}.Release|Any CPU.ActiveCfg = Release|Any CPU
		{FFF6A066-7B74-4817-BEDE-1A60EE94C8C0}.Release|Any CPU.Build.0 = Release|Any CPU
	EndGlobalSection
EndGlobal
